// !$*UTF8*$!
{
	archiveVersion = 1;
	classes = {
	};
	objectVersion = 50;
	objects = {

/* Begin PBXBuildFile section */
		CA66931D2632C29500137337 /* AppDelegate.swift in Sources */ = {isa = PBXBuildFile; fileRef = CA66931C2632C29500137337 /* AppDelegate.swift */; };
		CA66931F2632C29500137337 /* SceneDelegate.swift in Sources */ = {isa = PBXBuildFile; fileRef = CA66931E2632C29500137337 /* SceneDelegate.swift */; };
		CA6693212632C29500137337 /* ContentView.swift in Sources */ = {isa = PBXBuildFile; fileRef = CA6693202632C29500137337 /* ContentView.swift */; };
		CA6693232632C29900137337 /* Assets.xcassets in Resources */ = {isa = PBXBuildFile; fileRef = CA6693222632C29900137337 /* Assets.xcassets */; };
		CA6693262632C29900137337 /* Preview Assets.xcassets in Resources */ = {isa = PBXBuildFile; fileRef = CA6693252632C29900137337 /* Preview Assets.xcassets */; };
		CA6693292632C29900137337 /* LaunchScreen.storyboard in Resources */ = {isa = PBXBuildFile; fileRef = CA6693272632C29900137337 /* LaunchScreen.storyboard */; };
		CA66933A2632C39B00137337 /* Home.swift in Sources */ = {isa = PBXBuildFile; fileRef = CA6693312632C39A00137337 /* Home.swift */; };
		CA66933B2632C39B00137337 /* BlurView.swift in Sources */ = {isa = PBXBuildFile; fileRef = CA6693322632C39A00137337 /* BlurView.swift */; };
		CA66933C2632C39B00137337 /* CertificateRow.swift in Sources */ = {isa = PBXBuildFile; fileRef = CA6693332632C39A00137337 /* CertificateRow.swift */; };
		CA66933D2632C39B00137337 /* UpdateList.swift in Sources */ = {isa = PBXBuildFile; fileRef = CA6693342632C39A00137337 /* UpdateList.swift */; };
		CA66933E2632C39B00137337 /* UpdateStore.swift in Sources */ = {isa = PBXBuildFile; fileRef = CA6693352632C39B00137337 /* UpdateStore.swift */; };
		CA66933F2632C39B00137337 /* HomeList.swift in Sources */ = {isa = PBXBuildFile; fileRef = CA6693362632C39B00137337 /* HomeList.swift */; };
		CA6693402632C39B00137337 /* Settings.swift in Sources */ = {isa = PBXBuildFile; fileRef = CA6693372632C39B00137337 /* Settings.swift */; };
		CA6693412632C39B00137337 /* Tabbar.swift in Sources */ = {isa = PBXBuildFile; fileRef = CA6693382632C39B00137337 /* Tabbar.swift */; };
		CA6693422632C39B00137337 /* UpdateDtail.swift in Sources */ = {isa = PBXBuildFile; fileRef = CA6693392632C39B00137337 /* UpdateDtail.swift */; };
/* End PBXBuildFile section */

/* Begin PBXFileReference section */
		CA6693192632C29500137337 /* DesignDemo.app */ = {isa = PBXFileReference; explicitFileType = wrapper.application; includeInIndex = 0; path = DesignDemo.app; sourceTree = BUILT_PRODUCTS_DIR; };
		CA66931C2632C29500137337 /* AppDelegate.swift */ = {isa = PBXFileReference; lastKnownFileType = sourcecode.swift; path = AppDelegate.swift; sourceTree = "<group>"; };
		CA66931E2632C29500137337 /* SceneDelegate.swift */ = {isa = PBXFileReference; lastKnownFileType = sourcecode.swift; path = SceneDelegate.swift; sourceTree = "<group>"; };
		CA6693202632C29500137337 /* ContentView.swift */ = {isa = PBXFileReference; lastKnownFileType = sourcecode.swift; path = ContentView.swift; sourceTree = "<group>"; };
		CA6693222632C29900137337 /* Assets.xcassets */ = {isa = PBXFileReference; lastKnownFileType = folder.assetcatalog; path = Assets.xcassets; sourceTree = "<group>"; };
		CA6693252632C29900137337 /* Preview Assets.xcassets */ = {isa = PBXFileReference; lastKnownFileType = folder.assetcatalog; path = "Preview Assets.xcassets"; sourceTree = "<group>"; };
		CA6693282632C29900137337 /* Base */ = {isa = PBXFileReference; lastKnownFileType = file.storyboard; name = Base; path = Base.lproj/LaunchScreen.storyboard; sourceTree = "<group>"; };
		CA66932A2632C29900137337 /* Info.plist */ = {isa = PBXFileReference; lastKnownFileType = text.plist.xml; path = Info.plist; sourceTree = "<group>"; };
		CA6693312632C39A00137337 /* Home.swift */ = {isa = PBXFileReference; fileEncoding = 4; lastKnownFileType = sourcecode.swift; path = Home.swift; sourceTree = "<group>"; };
		CA6693322632C39A00137337 /* BlurView.swift */ = {isa = PBXFileReference; fileEncoding = 4; lastKnownFileType = sourcecode.swift; path = BlurView.swift; sourceTree = "<group>"; };
		CA6693332632C39A00137337 /* CertificateRow.swift */ = {isa = PBXFileReference; fileEncoding = 4; lastKnownFileType = sourcecode.swift; path = CertificateRow.swift; sourceTree = "<group>"; };
		CA6693342632C39A00137337 /* UpdateList.swift */ = {isa = PBXFileReference; fileEncoding = 4; lastKnownFileType = sourcecode.swift; path = UpdateList.swift; sourceTree = "<group>"; };
		CA6693352632C39B00137337 /* UpdateStore.swift */ = {isa = PBXFileReference; fileEncoding = 4; lastKnownFileType = sourcecode.swift; path = UpdateStore.swift; sourceTree = "<group>"; };
		CA6693362632C39B00137337 /* HomeList.swift */ = {isa = PBXFileReference; fileEncoding = 4; lastKnownFileType = sourcecode.swift; path = HomeList.swift; sourceTree = "<group>"; };
		CA6693372632C39B00137337 /* Settings.swift */ = {isa = PBXFileReference; fileEncoding = 4; lastKnownFileType = sourcecode.swift; path = Settings.swift; sourceTree = "<group>"; };
		CA6693382632C39B00137337 /* Tabbar.swift */ = {isa = PBXFileReference; fileEncoding = 4; lastKnownFileType = sourcecode.swift; path = Tabbar.swift; sourceTree = "<group>"; };
		CA6693392632C39B00137337 /* UpdateDtail.swift */ = {isa = PBXFileReference; fileEncoding = 4; lastKnownFileType = sourcecode.swift; path = UpdateDtail.swift; sourceTree = "<group>"; };
/* End PBXFileReference section */

/* Begin PBXFrameworksBuildPhase section */
		CA6693162632C29500137337 /* Frameworks */ = {
			isa = PBXFrameworksBuildPhase;
			buildActionMask = 2147483647;
			files = (
			);
			runOnlyForDeploymentPostprocessing = 0;
		};
/* End PBXFrameworksBuildPhase section */

/* Begin PBXGroup section */
		CA6693102632C29400137337 = {
			isa = PBXGroup;
			children = (
				CA66931B2632C29500137337 /* DesignDemo */,
				CA66931A2632C29500137337 /* Products */,
			);
			sourceTree = "<group>";
		};
		CA66931A2632C29500137337 /* Products */ = {
			isa = PBXGroup;
			children = (
				CA6693192632C29500137337 /* DesignDemo.app */,
			);
			name = Products;
			sourceTree = "<group>";
		};
		CA66931B2632C29500137337 /* DesignDemo */ = {
			isa = PBXGroup;
			children = (
				CA6693322632C39A00137337 /* BlurView.swift */,
				CA6693332632C39A00137337 /* CertificateRow.swift */,
				CA6693312632C39A00137337 /* Home.swift */,
				CA6693362632C39B00137337 /* HomeList.swift */,
				CA6693372632C39B00137337 /* Settings.swift */,
				CA6693382632C39B00137337 /* Tabbar.swift */,
				CA6693392632C39B00137337 /* UpdateDtail.swift */,
				CA6693342632C39A00137337 /* UpdateList.swift */,
				CA6693352632C39B00137337 /* UpdateStore.swift */,
				CA66931C2632C29500137337 /* AppDelegate.swift */,
				CA66931E2632C29500137337 /* SceneDelegate.swift */,
				CA6693202632C29500137337 /* ContentView.swift */,
				CA6693222632C29900137337 /* Assets.xcassets */,
				CA6693272632C29900137337 /* LaunchScreen.storyboard */,
				CA66932A2632C29900137337 /* Info.plist */,
				CA6693242632C29900137337 /* Preview Content */,
			);
			path = DesignDemo;
			sourceTree = "<group>";
		};
		CA6693242632C29900137337 /* Preview Content */ = {
			isa = PBXGroup;
			children = (
				CA6693252632C29900137337 /* Preview Assets.xcassets */,
			);
			path = "Preview Content";
			sourceTree = "<group>";
		};
/* End PBXGroup section */

/* Begin PBXNativeTarget section */
		CA6693182632C29500137337 /* DesignDemo */ = {
			isa = PBXNativeTarget;
			buildConfigurationList = CA66932D2632C29900137337 /* Build configuration list for PBXNativeTarget "DesignDemo" */;
			buildPhases = (
				CA6693152632C29500137337 /* Sources */,
				CA6693162632C29500137337 /* Frameworks */,
				CA6693172632C29500137337 /* Resources */,
			);
			buildRules = (
			);
			dependencies = (
			);
			name = DesignDemo;
			productName = DesignDemo;
			productReference = CA6693192632C29500137337 /* DesignDemo.app */;
			productType = "com.apple.product-type.application";
		};
/* End PBXNativeTarget section */

/* Begin PBXProject section */
		CA6693112632C29500137337 /* Project object */ = {
			isa = PBXProject;
			attributes = {
				LastSwiftUpdateCheck = 1240;
				LastUpgradeCheck = 1240;
				TargetAttributes = {
					CA6693182632C29500137337 = {
						CreatedOnToolsVersion = 12.4;
					};
				};
			};
			buildConfigurationList = CA6693142632C29500137337 /* Build configuration list for PBXProject "DesignDemo" */;
			compatibilityVersion = "Xcode 9.3";
			developmentRegion = en;
			hasScannedForEncodings = 0;
			knownRegions = (
				en,
				Base,
			);
			mainGroup = CA6693102632C29400137337;
			productRefGroup = CA66931A2632C29500137337 /* Products */;
			projectDirPath = "";
			projectRoot = "";
			targets = (
				CA6693182632C29500137337 /* DesignDemo */,
			);
		};
/* End PBXProject section */

/* Begin PBXResourcesBuildPhase section */
		CA6693172632C29500137337 /* Resources */ = {
			isa = PBXResourcesBuildPhase;
			buildActionMask = 2147483647;
			files = (
				CA6693292632C29900137337 /* LaunchScreen.storyboard in Resources */,
				CA6693262632C29900137337 /* Preview Assets.xcassets in Resources */,
				CA6693232632C29900137337 /* Assets.xcassets in Resources */,
			);
			runOnlyForDeploymentPostprocessing = 0;
		};
/* End PBXResourcesBuildPhase section */

/* Begin PBXSourcesBuildPhase section */
		CA6693152632C29500137337 /* Sources */ = {
			isa = PBXSourcesBuildPhase;
			buildActionMask = 2147483647;
			files = (
				CA66931D2632C29500137337 /* AppDelegate.swift in Sources */,
				CA6693422632C39B00137337 /* UpdateDtail.swift in Sources */,
				CA66933D2632C39B00137337 /* UpdateList.swift in Sources */,
				CA66931F2632C29500137337 /* SceneDelegate.swift in Sources */,
				CA6693412632C39B00137337 /* Tabbar.swift in Sources */,
				CA66933F2632C39B00137337 /* HomeList.swift in Sources */,
				CA6693402632C39B00137337 /* Settings.swift in Sources */,
				CA66933B2632C39B00137337 /* BlurView.swift in Sources */,
				CA66933E2632C39B00137337 /* UpdateStore.swift in Sources */,
				CA66933A2632C39B00137337 /* Home.swift in Sources */,
				CA66933C2632C39B00137337 /* CertificateRow.swift in Sources */,
				CA6693212632C29500137337 /* ContentView.swift in Sources */,
			);
			runOnlyForDeploymentPostprocessing = 0;
		};
/* End PBXSourcesBuildPhase section */

/* Begin PBXVariantGroup section */
		CA6693272632C29900137337 /* LaunchScreen.storyboard */ = {
			isa = PBXVariantGroup;
			children = (
				CA6693282632C29900137337 /* Base */,
			);
			name = LaunchScreen.storyboard;
			sourceTree = "<group>";
		};
/* End PBXVariantGroup section */

/* Begin XCBuildConfiguration section */
		CA66932B2632C29900137337 /* Debug */ = {
			isa = XCBuildConfiguration;
			buildSettings = {
				ALWAYS_SEARCH_USER_PATHS = NO;
				CLANG_ANALYZER_NONNULL = YES;
				CLANG_ANALYZER_NUMBER_OBJECT_CONVERSION = YES_AGGRESSIVE;
				CLANG_CXX_LANGUAGE_STANDARD = "gnu++14";
				CLANG_CXX_LIBRARY = "libc++";
				CLANG_ENABLE_MODULES = YES;
				CLANG_ENABLE_OBJC_ARC = YES;
				CLANG_ENABLE_OBJC_WEAK = YES;
				CLANG_WARN_BLOCK_CAPTURE_AUTORELEASING = YES;
				CLANG_WARN_BOOL_CONVERSION = YES;
				CLANG_WARN_COMMA = YES;
				CLANG_WARN_CONSTANT_CONVERSION = YES;
				CLANG_WARN_DEPRECATED_OBJC_IMPLEMENTATIONS = YES;
				CLANG_WARN_DIRECT_OBJC_ISA_USAGE = YES_ERROR;
				CLANG_WARN_DOCUMENTATION_COMMENTS = YES;
				CLANG_WARN_EMPTY_BODY = YES;
				CLANG_WARN_ENUM_CONVERSION = YES;
				CLANG_WARN_INFINITE_RECURSION = YES;
				CLANG_WARN_INT_CONVERSION = YES;
				CLANG_WARN_NON_LITERAL_NULL_CONVERSION = YES;
				CLANG_WARN_OBJC_IMPLICIT_RETAIN_SELF = YES;
				CLANG_WARN_OBJC_LITERAL_CONVERSION = YES;
				CLANG_WARN_OBJC_ROOT_CLASS = YES_ERROR;
				CLANG_WARN_QUOTED_INCLUDE_IN_FRAMEWORK_HEADER = YES;
				CLANG_WARN_RANGE_LOOP_ANALYSIS = YES;
				CLANG_WARN_STRICT_PROTOTYPES = YES;
				CLANG_WARN_SUSPICIOUS_MOVE = YES;
				CLANG_WARN_UNGUARDED_AVAILABILITY = YES_AGGRESSIVE;
				CLANG_WARN_UNREACHABLE_CODE = YES;
				CLANG_WARN__DUPLICATE_METHOD_MATCH = YES;
				COPY_PHASE_STRIP = NO;
				DEBUG_INFORMATION_FORMAT = dwarf;
				ENABLE_STRICT_OBJC_MSGSEND = YES;
				ENABLE_TESTABILITY = YES;
				GCC_C_LANGUAGE_STANDARD = gnu11;
				GCC_DYNAMIC_NO_PIC = NO;
				GCC_NO_COMMON_BLOCKS = YES;
				GCC_OPTIMIZATION_LEVEL = 0;
				GCC_PREPROCESSOR_DEFINITIONS = (
					"DEBUG=1",
					"$(inherited)",
				);
				GCC_WARN_64_TO_32_BIT_CONVERSION = YES;
				GCC_WARN_ABOUT_RETURN_TYPE = YES_ERROR;
				GCC_WARN_UNDECLARED_SELECTOR = YES;
				GCC_WARN_UNINITIALIZED_AUTOS = YES_AGGRESSIVE;
				GCC_WARN_UNUSED_FUNCTION = YES;
				GCC_WARN_UNUSED_VARIABLE = YES;
				IPHONEOS_DEPLOYMENT_TARGET = 14.4;
				MTL_ENABLE_DEBUG_INFO = INCLUDE_SOURCE;
				MTL_FAST_MATH = YES;
				ONLY_ACTIVE_ARCH = YES;
				SDKROOT = iphoneos;
				SWIFT_ACTIVE_COMPILATION_CONDITIONS = DEBUG;
				SWIFT_OPTIMIZATION_LEVEL = "-Onone";
			};
			name = Debug;
		};
		CA66932C2632C29900137337 /* Release */ = {
			isa = XCBuildConfiguration;
			buildSettings = {
				ALWAYS_SEARCH_USER_PATHS = NO;
				CLANG_ANALYZER_NONNULL = YES;
				CLANG_ANALYZER_NUMBER_OBJECT_CONVERSION = YES_AGGRESSIVE;
				CLANG_CXX_LANGUAGE_STANDARD = "gnu++14";
				CLANG_CXX_LIBRARY = "libc++";
				CLANG_ENABLE_MODULES = YES;
				CLANG_ENABLE_OBJC_ARC = YES;
				CLANG_ENABLE_OBJC_WEAK = YES;
				CLANG_WARN_BLOCK_CAPTURE_AUTORELEASING = YES;
				CLANG_WARN_BOOL_CONVERSION = YES;
				CLANG_WARN_COMMA = YES;
				CLANG_WARN_CONSTANT_CONVERSION = YES;
				CLANG_WARN_DEPRECATED_OBJC_IMPLEMENTATIONS = YES;
				CLANG_WARN_DIRECT_OBJC_ISA_USAGE = YES_ERROR;
				CLANG_WARN_DOCUMENTATION_COMMENTS = YES;
				CLANG_WARN_EMPTY_BODY = YES;
				CLANG_WARN_ENUM_CONVERSION = YES;
				CLANG_WARN_INFINITE_RECURSION = YES;
				CLANG_WARN_INT_CONVERSION = YES;
				CLANG_WARN_NON_LITERAL_NULL_CONVERSION = YES;
				CLANG_WARN_OBJC_IMPLICIT_RETAIN_SELF = YES;
				CLANG_WARN_OBJC_LITERAL_CONVERSION = YES;
				CLANG_WARN_OBJC_ROOT_CLASS = YES_ERROR;
				CLANG_WARN_QUOTED_INCLUDE_IN_FRAMEWORK_HEADER = YES;
				CLANG_WARN_RANGE_LOOP_ANALYSIS = YES;
				CLANG_WARN_STRICT_PROTOTYPES = YES;
				CLANG_WARN_SUSPICIOUS_MOVE = YES;
				CLANG_WARN_UNGUARDED_AVAILABILITY = YES_AGGRESSIVE;
				CLANG_WARN_UNREACHABLE_CODE = YES;
				CLANG_WARN__DUPLICATE_METHOD_MATCH = YES;
				COPY_PHASE_STRIP = NO;
				DEBUG_INFORMATION_FORMAT = "dwarf-with-dsym";
				ENABLE_NS_ASSERTIONS = NO;
				ENABLE_STRICT_OBJC_MSGSEND = YES;
				GCC_C_LANGUAGE_STANDARD = gnu11;
				GCC_NO_COMMON_BLOCKS = YES;
				GCC_WARN_64_TO_32_BIT_CONVERSION = YES;
				GCC_WARN_ABOUT_RETURN_TYPE = YES_ERROR;
				GCC_WARN_UNDECLARED_SELECTOR = YES;
				GCC_WARN_UNINITIALIZED_AUTOS = YES_AGGRESSIVE;
				GCC_WARN_UNUSED_FUNCTION = YES;
				GCC_WARN_UNUSED_VARIABLE = YES;
				IPHONEOS_DEPLOYMENT_TARGET = 14.4;
				MTL_ENABLE_DEBUG_INFO = NO;
				MTL_FAST_MATH = YES;
				SDKROOT = iphoneos;
				SWIFT_COMPILATION_MODE = wholemodule;
				SWIFT_OPTIMIZATION_LEVEL = "-O";
				VALIDATE_PRODUCT = YES;
			};
			name = Release;
		};
		CA66932E2632C29900137337 /* Debug */ = {
			isa = XCBuildConfiguration;
			buildSettings = {
				ASSETCATALOG_COMPILER_APPICON_NAME = AppIcon;
				ASSETCATALOG_COMPILER_GLOBAL_ACCENT_COLOR_NAME = AccentColor;
				CODE_SIGN_STYLE = Automatic;
				DEVELOPMENT_ASSET_PATHS = "\"DesignDemo/Preview Content\"";
				ENABLE_PREVIEWS = YES;
				INFOPLIST_FILE = DesignDemo/Info.plist;
				LD_RUNPATH_SEARCH_PATHS = (
					"$(inherited)",
					"@executable_path/Frameworks",
				);
				PRODUCT_BUNDLE_IDENTIFIER = com.dms.DesignDemo;
				PRODUCT_NAME = "$(TARGET_NAME)";
				SWIFT_VERSION = 5.0;
				TARGETED_DEVICE_FAMILY = "1,2";
			};
			name = Debug;
		};
		CA66932F2632C29900137337 /* Release */ = {
			isa = XCBuildConfiguration;
			buildSettings = {
				ASSETCATALOG_COMPILER_APPICON_NAME = AppIcon;
				ASSETCATALOG_COMPILER_GLOBAL_ACCENT_COLOR_NAME = AccentColor;
				CODE_SIGN_STYLE = Automatic;
				DEVELOPMENT_ASSET_PATHS = "\"DesignDemo/Preview Content\"";
				ENABLE_PREVIEWS = YES;
				INFOPLIST_FILE = DesignDemo/Info.plist;
				LD_RUNPATH_SEARCH_PATHS = (
					"$(inherited)",
					"@executable_path/Frameworks",
				);
				PRODUCT_BUNDLE_IDENTIFIER = com.dms.DesignDemo;
				PRODUCT_NAME = "$(TARGET_NAME)";
				SWIFT_VERSION = 5.0;
				TARGETED_DEVICE_FAMILY = "1,2";
			};
			name = Release;
		};
/* End XCBuildConfiguration section */

/* Begin XCConfigurationList section */
		CA6693142632C29500137337 /* Build configuration list for PBXProject "DesignDemo" */ = {
			isa = XCConfigurationList;
			buildConfigurations = (
				CA66932B2632C29900137337 /* Debug */,
				CA66932C2632C29900137337 /* Release */,
			);
			defaultConfigurationIsVisible = 0;
			defaultConfigurationName = Release;
		};
		CA66932D2632C29900137337 /* Build configuration list for PBXNativeTarget "DesignDemo" */ = {
			isa = XCConfigurationList;
			buildConfigurations = (
				CA66932E2632C29900137337 /* Debug */,
				CA66932F2632C29900137337 /* Release */,
			);
			defaultConfigurationIsVisible = 0;
			defaultConfigurationName = Release;
		};
/* End XCConfigurationList section */
	};
	rootObject = CA6693112632C29500137337 /* Project object */;
}
